// !$*UTF8*$!
{
	archiveVersion = 1;
	classes = {
	};
	objectVersion = 56;
	objects = {

/* Begin PBXBuildFile section */
		21281F7C28FE42BC0068A19C /* AppDelegate.m in Sources */ = {isa = PBXBuildFile; fileRef = 21281F7B28FE42BC0068A19C /* AppDelegate.m */; };
		21281F7F28FE42BC0068A19C /* SceneDelegate.m in Sources */ = {isa = PBXBuildFile; fileRef = 21281F7E28FE42BC0068A19C /* SceneDelegate.m */; };
		21281F8228FE42BC0068A19C /* ViewController.m in Sources */ = {isa = PBXBuildFile; fileRef = 21281F8128FE42BC0068A19C /* ViewController.m */; };
		21281F8528FE42BC0068A19C /* Main.storyboard in Resources */ = {isa = PBXBuildFile; fileRef = 21281F8328FE42BC0068A19C /* Main.storyboard */; };
		21281F8728FE42BD0068A19C /* Assets.xcassets in Resources */ = {isa = PBXBuildFile; fileRef = 21281F8628FE42BD0068A19C /* Assets.xcassets */; };
		21281F8A28FE42BD0068A19C /* LaunchScreen.storyboard in Resources */ = {isa = PBXBuildFile; fileRef = 21281F8828FE42BD0068A19C /* LaunchScreen.storyboard */; };
		21281F8D28FE42BD0068A19C /* main.m in Sources */ = {isa = PBXBuildFile; fileRef = 21281F8C28FE42BD0068A19C /* main.m */; };
		21281F9628FE430C0068A19C /* LuckDrawView.m in Sources */ = {isa = PBXBuildFile; fileRef = 21281F9528FE430C0068A19C /* LuckDrawView.m */; };
		21281F9928FE43B90068A19C /* LuckDrawSubView.m in Sources */ = {isa = PBXBuildFile; fileRef = 21281F9828FE43B90068A19C /* LuckDrawSubView.m */; };
/* End PBXBuildFile section */

/* Begin PBXFileReference section */
		21281F7728FE42BC0068A19C /* GGLuckDraw.app */ = {isa = PBXFileReference; explicitFileType = wrapper.application; includeInIndex = 0; path = GGLuckDraw.app; sourceTree = BUILT_PRODUCTS_DIR; };
		21281F7A28FE42BC0068A19C /* AppDelegate.h */ = {isa = PBXFileReference; lastKnownFileType = sourcecode.c.h; path = AppDelegate.h; sourceTree = "<group>"; };
		21281F7B28FE42BC0068A19C /* AppDelegate.m */ = {isa = PBXFileReference; lastKnownFileType = sourcecode.c.objc; path = AppDelegate.m; sourceTree = "<group>"; };
		21281F7D28FE42BC0068A19C /* SceneDelegate.h */ = {isa = PBXFileReference; lastKnownFileType = sourcecode.c.h; path = SceneDelegate.h; sourceTree = "<group>"; };
		21281F7E28FE42BC0068A19C /* SceneDelegate.m */ = {isa = PBXFileReference; lastKnownFileType = sourcecode.c.objc; path = SceneDelegate.m; sourceTree = "<group>"; };
		21281F8028FE42BC0068A19C /* ViewController.h */ = {isa = PBXFileReference; lastKnownFileType = sourcecode.c.h; path = ViewController.h; sourceTree = "<group>"; };
		21281F8128FE42BC0068A19C /* ViewController.m */ = {isa = PBXFileReference; lastKnownFileType = sourcecode.c.objc; path = ViewController.m; sourceTree = "<group>"; };
		21281F8428FE42BC0068A19C /* Base */ = {isa = PBXFileReference; lastKnownFileType = file.storyboard; name = Base; path = Base.lproj/Main.storyboard; sourceTree = "<group>"; };
		21281F8628FE42BD0068A19C /* Assets.xcassets */ = {isa = PBXFileReference; lastKnownFileType = folder.assetcatalog; path = Assets.xcassets; sourceTree = "<group>"; };
		21281F8928FE42BD0068A19C /* Base */ = {isa = PBXFileReference; lastKnownFileType = file.storyboard; name = Base; path = Base.lproj/LaunchScreen.storyboard; sourceTree = "<group>"; };
		21281F8B28FE42BD0068A19C /* Info.plist */ = {isa = PBXFileReference; lastKnownFileType = text.plist.xml; path = Info.plist; sourceTree = "<group>"; };
		21281F8C28FE42BD0068A19C /* main.m */ = {isa = PBXFileReference; lastKnownFileType = sourcecode.c.objc; path = main.m; sourceTree = "<group>"; };
		21281F9428FE430C0068A19C /* LuckDrawView.h */ = {isa = PBXFileReference; lastKnownFileType = sourcecode.c.h; path = LuckDrawView.h; sourceTree = "<group>"; };
		21281F9528FE430C0068A19C /* LuckDrawView.m */ = {isa = PBXFileReference; lastKnownFileType = sourcecode.c.objc; path = LuckDrawView.m; sourceTree = "<group>"; };
		21281F9728FE43B90068A19C /* LuckDrawSubView.h */ = {isa = PBXFileReference; lastKnownFileType = sourcecode.c.h; path = LuckDrawSubView.h; sourceTree = "<group>"; };
		21281F9828FE43B90068A19C /* LuckDrawSubView.m */ = {isa = PBXFileReference; lastKnownFileType = sourcecode.c.objc; path = LuckDrawSubView.m; sourceTree = "<group>"; };
/* End PBXFileReference section */

/* Begin PBXFrameworksBuildPhase section */
		21281F7428FE42BC0068A19C /* Frameworks */ = {
			isa = PBXFrameworksBuildPhase;
			buildActionMask = 2147483647;
			files = (
			);
			runOnlyForDeploymentPostprocessing = 0;
		};
/* End PBXFrameworksBuildPhase section */

/* Begin PBXGroup section */
		21281F6E28FE42BC0068A19C = {
			isa = PBXGroup;
			children = (
				21281F7928FE42BC0068A19C /* GGLuckDraw */,
				21281F7828FE42BC0068A19C /* Products */,
			);
			sourceTree = "<group>";
		};
		21281F7828FE42BC0068A19C /* Products */ = {
			isa = PBXGroup;
			children = (
				21281F7728FE42BC0068A19C /* GGLuckDraw.app */,
			);
			name = Products;
			sourceTree = "<group>";
		};
		21281F7928FE42BC0068A19C /* GGLuckDraw */ = {
			isa = PBXGroup;
			children = (
				21281F9328FE42FE0068A19C /* LuckDrawView */,
				21281F7A28FE42BC0068A19C /* AppDelegate.h */,
				21281F7B28FE42BC0068A19C /* AppDelegate.m */,
				21281F7D28FE42BC0068A19C /* SceneDelegate.h */,
				21281F7E28FE42BC0068A19C /* SceneDelegate.m */,
				21281F8028FE42BC0068A19C /* ViewController.h */,
				21281F8128FE42BC0068A19C /* ViewController.m */,
				21281F8328FE42BC0068A19C /* Main.storyboard */,
				21281F8628FE42BD0068A19C /* Assets.xcassets */,
				21281F8828FE42BD0068A19C /* LaunchScreen.storyboard */,
				21281F8B28FE42BD0068A19C /* Info.plist */,
				21281F8C28FE42BD0068A19C /* main.m */,
			);
			path = GGLuckDraw;
			sourceTree = "<group>";
		};
		21281F9328FE42FE0068A19C /* LuckDrawView */ = {
			isa = PBXGroup;
			children = (
				21281F9428FE430C0068A19C /* LuckDrawView.h */,
				21281F9528FE430C0068A19C /* LuckDrawView.m */,
				21281F9728FE43B90068A19C /* LuckDrawSubView.h */,
				21281F9828FE43B90068A19C /* LuckDrawSubView.m */,
			);
			path = LuckDrawView;
			sourceTree = "<group>";
		};
/* End PBXGroup section */

/* Begin PBXNativeTarget section */
		21281F7628FE42BC0068A19C /* GGLuckDraw */ = {
			isa = PBXNativeTarget;
			buildConfigurationList = 21281F9028FE42BD0068A19C /* Build configuration list for PBXNativeTarget "GGLuckDraw" */;
			buildPhases = (
				21281F7328FE42BC0068A19C /* Sources */,
				21281F7428FE42BC0068A19C /* Frameworks */,
				21281F7528FE42BC0068A19C /* Resources */,
			);
			buildRules = (
			);
			dependencies = (
			);
			name = GGLuckDraw;
			productName = GGLuckDraw;
			productReference = 21281F7728FE42BC0068A19C /* GGLuckDraw.app */;
			productType = "com.apple.product-type.application";
		};
/* End PBXNativeTarget section */

/* Begin PBXProject section */
		21281F6F28FE42BC0068A19C /* Project object */ = {
			isa = PBXProject;
			attributes = {
				BuildIndependentTargetsInParallel = 1;
				LastUpgradeCheck = 1400;
				TargetAttributes = {
					21281F7628FE42BC0068A19C = {
						CreatedOnToolsVersion = 14.0.1;
					};
				};
			};
			buildConfigurationList = 21281F7228FE42BC0068A19C /* Build configuration list for PBXProject "GGLuckDraw" */;
			compatibilityVersion = "Xcode 14.0";
			developmentRegion = en;
			hasScannedForEncodings = 0;
			knownRegions = (
				en,
				Base,
			);
			mainGroup = 21281F6E28FE42BC0068A19C;
			productRefGroup = 21281F7828FE42BC0068A19C /* Products */;
			projectDirPath = "";
			projectRoot = "";
			targets = (
				21281F7628FE42BC0068A19C /* GGLuckDraw */,
			);
		};
/* End PBXProject section */

/* Begin PBXResourcesBuildPhase section */
		21281F7528FE42BC0068A19C /* Resources */ = {
			isa = PBXResourcesBuildPhase;
			buildActionMask = 2147483647;
			files = (
				21281F8A28FE42BD0068A19C /* LaunchScreen.storyboard in Resources */,
				21281F8728FE42BD0068A19C /* Assets.xcassets in Resources */,
				21281F8528FE42BC0068A19C /* Main.storyboard in Resources */,
			);
			runOnlyForDeploymentPostprocessing = 0;
		};
/* End PBXResourcesBuildPhase section */

/* Begin PBXSourcesBuildPhase section */
		21281F7328FE42BC0068A19C /* Sources */ = {
			isa = PBXSourcesBuildPhase;
			buildActionMask = 2147483647;
			files = (
				21281F8228FE42BC0068A19C /* ViewController.m in Sources */,
				21281F7C28FE42BC0068A19C /* AppDelegate.m in Sources */,
				21281F8D28FE42BD0068A19C /* main.m in Sources */,
				21281F7F28FE42BC0068A19C /* SceneDelegate.m in Sources */,
				21281F9928FE43B90068A19C /* LuckDrawSubView.m in Sources */,
				21281F9628FE430C0068A19C /* LuckDrawView.m in Sources */,
			);
			runOnlyForDeploymentPostprocessing = 0;
		};
/* End PBXSourcesBuildPhase section */

/* Begin PBXVariantGroup section */
		21281F8328FE42BC0068A19C /* Main.storyboard */ = {
			isa = PBXVariantGroup;
			children = (
				21281F8428FE42BC0068A19C /* Base */,
			);
			name = Main.storyboard;
			sourceTree = "<group>";
		};
		21281F8828FE42BD0068A19C /* LaunchScreen.storyboard */ = {
			isa = PBXVariantGroup;
			children = (
				21281F8928FE42BD0068A19C /* Base */,
			);
			name = LaunchScreen.storyboard;
			sourceTree = "<group>";
		};
/* End PBXVariantGroup section */

/* Begin XCBuildConfiguration section */
		21281F8E28FE42BD0068A19C /* Debug */ = {
			isa = XCBuildConfiguration;
			buildSettings = {
				ALWAYS_SEARCH_USER_PATHS = NO;
				CLANG_ANALYZER_NONNULL = YES;
				CLANG_ANALYZER_NUMBER_OBJECT_CONVERSION = YES_AGGRESSIVE;
				CLANG_CXX_LANGUAGE_STANDARD = "gnu++20";
				CLANG_ENABLE_MODULES = YES;
				CLANG_ENABLE_OBJC_ARC = YES;
				CLANG_ENABLE_OBJC_WEAK = YES;
				CLANG_WARN_BLOCK_CAPTURE_AUTORELEASING = YES;
				CLANG_WARN_BOOL_CONVERSION = YES;
				CLANG_WARN_COMMA = YES;
				CLANG_WARN_CONSTANT_CONVERSION = YES;
				CLANG_WARN_DEPRECATED_OBJC_IMPLEMENTATIONS = YES;
				CLANG_WARN_DIRECT_OBJC_ISA_USAGE = YES_ERROR;
				CLANG_WARN_DOCUMENTATION_COMMENTS = YES;
				CLANG_WARN_EMPTY_BODY = YES;
				CLANG_WARN_ENUM_CONVERSION = YES;
				CLANG_WARN_INFINITE_RECURSION = YES;
				CLANG_WARN_INT_CONVERSION = YES;
				CLANG_WARN_NON_LITERAL_NULL_CONVERSION = YES;
				CLANG_WARN_OBJC_IMPLICIT_RETAIN_SELF = YES;
				CLANG_WARN_OBJC_LITERAL_CONVERSION = YES;
				CLANG_WARN_OBJC_ROOT_CLASS = YES_ERROR;
				CLANG_WARN_QUOTED_INCLUDE_IN_FRAMEWORK_HEADER = YES;
				CLANG_WARN_RANGE_LOOP_ANALYSIS = YES;
				CLANG_WARN_STRICT_PROTOTYPES = YES;
				CLANG_WARN_SUSPICIOUS_MOVE = YES;
				CLANG_WARN_UNGUARDED_AVAILABILITY = YES_AGGRESSIVE;
				CLANG_WARN_UNREACHABLE_CODE = YES;
				CLANG_WARN__DUPLICATE_METHOD_MATCH = YES;
				COPY_PHASE_STRIP = NO;
				DEBUG_INFORMATION_FORMAT = dwarf;
				ENABLE_STRICT_OBJC_MSGSEND = YES;
				ENABLE_TESTABILITY = YES;
				GCC_C_LANGUAGE_STANDARD = gnu11;
				GCC_DYNAMIC_NO_PIC = NO;
				GCC_NO_COMMON_BLOCKS = YES;
				GCC_OPTIMIZATION_LEVEL = 0;
				GCC_PREPROCESSOR_DEFINITIONS = (
					"DEBUG=1",
					"$(inherited)",
				);
				GCC_WARN_64_TO_32_BIT_CONVERSION = YES;
				GCC_WARN_ABOUT_RETURN_TYPE = YES_ERROR;
				GCC_WARN_UNDECLARED_SELECTOR = YES;
				GCC_WARN_UNINITIALIZED_AUTOS = YES_AGGRESSIVE;
				GCC_WARN_UNUSED_FUNCTION = YES;
				GCC_WARN_UNUSED_VARIABLE = YES;
				IPHONEOS_DEPLOYMENT_TARGET = 16.0;
				MTL_ENABLE_DEBUG_INFO = INCLUDE_SOURCE;
				MTL_FAST_MATH = YES;
				ONLY_ACTIVE_ARCH = YES;
				SDKROOT = iphoneos;
			};
			name = Debug;
		};
		21281F8F28FE42BD0068A19C /* Release */ = {
			isa = XCBuildConfiguration;
			buildSettings = {
				ALWAYS_SEARCH_USER_PATHS = NO;
				CLANG_ANALYZER_NONNULL = YES;
				CLANG_ANALYZER_NUMBER_OBJECT_CONVERSION = YES_AGGRESSIVE;
				CLANG_CXX_LANGUAGE_STANDARD = "gnu++20";
				CLANG_ENABLE_MODULES = YES;
				CLANG_ENABLE_OBJC_ARC = YES;
				CLANG_ENABLE_OBJC_WEAK = YES;
				CLANG_WARN_BLOCK_CAPTURE_AUTORELEASING = YES;
				CLANG_WARN_BOOL_CONVERSION = YES;
				CLANG_WARN_COMMA = YES;
				CLANG_WARN_CONSTANT_CONVERSION = YES;
				CLANG_WARN_DEPRECATED_OBJC_IMPLEMENTATIONS = YES;
				CLANG_WARN_DIRECT_OBJC_ISA_USAGE = YES_ERROR;
				CLANG_WARN_DOCUMENTATION_COMMENTS = YES;
				CLANG_WARN_EMPTY_BODY = YES;
				CLANG_WARN_ENUM_CONVERSION = YES;
				CLANG_WARN_INFINITE_RECURSION = YES;
				CLANG_WARN_INT_CONVERSION = YES;
				CLANG_WARN_NON_LITERAL_NULL_CONVERSION = YES;
				CLANG_WARN_OBJC_IMPLICIT_RETAIN_SELF = YES;
				CLANG_WARN_OBJC_LITERAL_CONVERSION = YES;
				CLANG_WARN_OBJC_ROOT_CLASS = YES_ERROR;
				CLANG_WARN_QUOTED_INCLUDE_IN_FRAMEWORK_HEADER = YES;
				CLANG_WARN_RANGE_LOOP_ANALYSIS = YES;
				CLANG_WARN_STRICT_PROTOTYPES = YES;
				CLANG_WARN_SUSPICIOUS_MOVE = YES;
				CLANG_WARN_UNGUARDED_AVAILABILITY = YES_AGGRESSIVE;
				CLANG_WARN_UNREACHABLE_CODE = YES;
				CLANG_WARN__DUPLICATE_METHOD_MATCH = YES;
				COPY_PHASE_STRIP = NO;
				DEBUG_INFORMATION_FORMAT = "dwarf-with-dsym";
				ENABLE_NS_ASSERTIONS = NO;
				ENABLE_STRICT_OBJC_MSGSEND = YES;
				GCC_C_LANGUAGE_STANDARD = gnu11;
				GCC_NO_COMMON_BLOCKS = YES;
				GCC_WARN_64_TO_32_BIT_CONVERSION = YES;
				GCC_WARN_ABOUT_RETURN_TYPE = YES_ERROR;
				GCC_WARN_UNDECLARED_SELECTOR = YES;
				GCC_WARN_UNINITIALIZED_AUTOS = YES_AGGRESSIVE;
				GCC_WARN_UNUSED_FUNCTION = YES;
				GCC_WARN_UNUSED_VARIABLE = YES;
				IPHONEOS_DEPLOYMENT_TARGET = 16.0;
				MTL_ENABLE_DEBUG_INFO = NO;
				MTL_FAST_MATH = YES;
				SDKROOT = iphoneos;
				VALIDATE_PRODUCT = YES;
			};
			name = Release;
		};
		21281F9128FE42BD0068A19C /* Debug */ = {
			isa = XCBuildConfiguration;
			buildSettings = {
				ASSETCATALOG_COMPILER_APPICON_NAME = AppIcon;
				ASSETCATALOG_COMPILER_GLOBAL_ACCENT_COLOR_NAME = AccentColor;
				CODE_SIGN_STYLE = Automatic;
				CURRENT_PROJECT_VERSION = 1;
				GENERATE_INFOPLIST_FILE = YES;
				INFOPLIST_FILE = GGLuckDraw/Info.plist;
				INFOPLIST_KEY_UIApplicationSupportsIndirectInputEvents = YES;
				INFOPLIST_KEY_UILaunchStoryboardName = LaunchScreen;
				INFOPLIST_KEY_UIMainStoryboardFile = Main;
				INFOPLIST_KEY_UISupportedInterfaceOrientations_iPad = "UIInterfaceOrientationPortrait UIInterfaceOrientationPortraitUpsideDown UIInterfaceOrientationLandscapeLeft UIInterfaceOrientationLandscapeRight";
				INFOPLIST_KEY_UISupportedInterfaceOrientations_iPhone = "UIInterfaceOrientationPortrait UIInterfaceOrientationLandscapeLeft UIInterfaceOrientationLandscapeRight";
				LD_RUNPATH_SEARCH_PATHS = (
					"$(inherited)",
					"@executable_path/Frameworks",
				);
				MARKETING_VERSION = 1.0;
				PRODUCT_BUNDLE_IDENTIFIER = gg.GGLuckDraw;
				PRODUCT_NAME = "$(TARGET_NAME)";
				SWIFT_EMIT_LOC_STRINGS = YES;
				TARGETED_DEVICE_FAMILY = "1,2";
			};
			name = Debug;
		};
		21281F9228FE42BD0068A19C /* Release */ = {
			isa = XCBuildConfiguration;
			buildSettings = {
				ASSETCATALOG_COMPILER_APPICON_NAME = AppIcon;
				ASSETCATALOG_COMPILER_GLOBAL_ACCENT_COLOR_NAME = AccentColor;
				CODE_SIGN_STYLE = Automatic;
				CURRENT_PROJECT_VERSION = 1;
				GENERATE_INFOPLIST_FILE = YES;
				INFOPLIST_FILE = GGLuckDraw/Info.plist;
				INFOPLIST_KEY_UIApplicationSupportsIndirectInputEvents = YES;
				INFOPLIST_KEY_UILaunchStoryboardName = LaunchScreen;
				INFOPLIST_KEY_UIMainStoryboardFile = Main;
				INFOPLIST_KEY_UISupportedInterfaceOrientations_iPad = "UIInterfaceOrientationPortrait UIInterfaceOrientationPortraitUpsideDown UIInterfaceOrientationLandscapeLeft UIInterfaceOrientationLandscapeRight";
				INFOPLIST_KEY_UISupportedInterfaceOrientations_iPhone = "UIInterfaceOrientationPortrait UIInterfaceOrientationLandscapeLeft UIInterfaceOrientationLandscapeRight";
				LD_RUNPATH_SEARCH_PATHS = (
					"$(inherited)",
					"@executable_path/Frameworks",
				);
				MARKETING_VERSION = 1.0;
				PRODUCT_BUNDLE_IDENTIFIER = gg.GGLuckDraw;
				PRODUCT_NAME = "$(TARGET_NAME)";
				SWIFT_EMIT_LOC_STRINGS = YES;
				TARGETED_DEVICE_FAMILY = "1,2";
			};
			name = Release;
		};
/* End XCBuildConfiguration section */

/* Begin XCConfigurationList section */
		21281F7228FE42BC0068A19C /* Build configuration list for PBXProject "GGLuckDraw" */ = {
			isa = XCConfigurationList;
			buildConfigurations = (
				21281F8E28FE42BD0068A19C /* Debug */,
				21281F8F28FE42BD0068A19C /* Release */,
			);
			defaultConfigurationIsVisible = 0;
			defaultConfigurationName = Release;
		};
		21281F9028FE42BD0068A19C /* Build configuration list for PBXNativeTarget "GGLuckDraw" */ = {
			isa = XCConfigurationList;
			buildConfigurations = (
				21281F9128FE42BD0068A19C /* Debug */,
				21281F9228FE42BD0068A19C /* Release */,
			);
			defaultConfigurationIsVisible = 0;
			defaultConfigurationName = Release;
		};
/* End XCConfigurationList section */
	};
	rootObject = 21281F6F28FE42BC0068A19C /* Project object */;
}
